
Microsoft Visual Studio Solution File, Format Version 12.00
# Visual Studio Version 17
VisualStudioVersion = 17.14.36310.24 d17.14
MinimumVisualStudioVersion = 10.0.40219.1
Project("{FAE04EC0-301F-11D3-BF4B-00C04F79EFBC}") = "Backend", "Backend\Backend.csproj", "{6ED2E765-EC17-4462-AECD-9CCC02A8F00E}"
EndProject
Project("{FAE04EC0-301F-11D3-BF4B-00C04F79EFBC}") = "Service", "Service\Service.csproj", "{B035FCFE-62B5-429E-807C-34FF7E3F5C17}"
EndProject
Global
	GlobalSection(SolutionConfigurationPlatforms) = preSolution
		Debug|Any CPU = Debug|Any CPU
		Release|Any CPU = Release|Any CPU
	EndGlobalSection
	GlobalSection(ProjectConfigurationPlatforms) = postSolution
		{6ED2E765-EC17-4462-AECD-9CCC02A8F00E}.Debug|Any CPU.ActiveCfg = Debug|Any CPU
		{6ED2E765-EC17-4462-AECD-9CCC02A8F00E}.Debug|Any CPU.Build.0 = Debug|Any CPU
		{6ED2E765-EC17-4462-AECD-9CCC02A8F00E}.Release|Any CPU.ActiveCfg = Release|Any CPU
		{6ED2E765-EC17-4462-AECD-9CCC02A8F00E}.Release|Any CPU.Build.0 = Release|Any CPU
		{B035FCFE-62B5-429E-807C-34FF7E3F5C17}.Debug|Any CPU.ActiveCfg = Debug|Any CPU
		{B035FCFE-62B5-429E-807C-34FF7E3F5C17}.Debug|Any CPU.Build.0 = Debug|Any CPU
		{B035FCFE-62B5-429E-807C-34FF7E3F5C17}.Release|Any CPU.ActiveCfg = Release|Any CPU
		{B035FCFE-62B5-429E-807C-34FF7E3F5C17}.Release|Any CPU.Build.0 = Release|Any CPU
	EndGlobalSection
	GlobalSection(SolutionProperties) = preSolution
		HideSolutionNode = FALSE
	EndGlobalSection
	GlobalSection(ExtensibilityGlobals) = postSolution
		SolutionGuid = {F26B331D-B6EE-4519-A72B-910B32D680B3}
	EndGlobalSection
EndGlobal
